
Microsoft Visual Studio Solution File, Format Version 12.00
# Visual Studio 2013
VisualStudioVersion = 12.0.30110.0
MinimumVisualStudioVersion = 10.0.40219.1
Project("{FAE04EC0-301F-11D3-BF4B-00C04F79EFBC}") = "InitializeEngine", "Asset\01 - InitializeEngine\InitializeEngine\InitializeEngine.csproj", "{1172BFB0-471F-4B91-A4FB-9C2E890A9B25}"
EndProject
Project("{FAE04EC0-301F-11D3-BF4B-00C04F79EFBC}") = "InitializeEngineContent", "Asset\01 - InitializeEngine\InitializeEngineContent\InitializeEngineContent.contentproj", "{4DF6BDE1-4A1B-448C-BE6A-2FDEA967CAAE}"
EndProject
Project("{2150E333-8FDC-42A3-9474-1A3956D46DE8}") = "Asset", "Asset", "{B4D1E610-F3D8-4E03-97FC-A9260C74A26E}"
EndProject
Project("{2150E333-8FDC-42A3-9474-1A3956D46DE8}") = "01 - InitializeEngine", "01 - InitializeEngine", "{7C32ED16-A7CB-422D-8D8D-6B76FE26A558}"
EndProject
Project("{FAE04EC0-301F-11D3-BF4B-00C04F79EFBC}") = "InitializeEngine.Xbox360", "Asset\01 - InitializeEngine\InitializeEngine\InitializeEngine.Xbox360.csproj", "{EF8453BB-2E0A-4ADF-949A-EFE8D6099CAF}"
EndProject
Project("{2150E333-8FDC-42A3-9474-1A3956D46DE8}") = "Common", "Common", "{A04B2F61-5F34-4B6A-B839-68ACAE172079}"
EndProject
Project("{FAE04EC0-301F-11D3-BF4B-00C04F79EFBC}") = "Common", "Common\Common\Common.csproj", "{57490789-8D26-4A7E-9389-98902E4AECB2}"
EndProject
Project("{FAE04EC0-301F-11D3-BF4B-00C04F79EFBC}") = "Common.Xbox360", "Common\Common\Common.Xbox360.csproj", "{86705DBB-154A-43DF-A427-2B764F9537BB}"
EndProject
Project("{FAE04EC0-301F-11D3-BF4B-00C04F79EFBC}") = "Pulsar.Content", "Common\Pulsar.Content\Pulsar.Content.contentproj", "{46175482-6368-40F3-82D6-EEE05C59C09C}"
EndProject
Project("{FAE04EC0-301F-11D3-BF4B-00C04F79EFBC}") = "CreateStorage", "Asset\02 - CreateStorage\CreateStorage\CreateStorage.csproj", "{BD5FAC67-32DC-4E9F-B387-6458853468F1}"
EndProject
Project("{FAE04EC0-301F-11D3-BF4B-00C04F79EFBC}") = "CreateStorageContent", "Asset\02 - CreateStorage\CreateStorageContent\CreateStorageContent.contentproj", "{5D7AF875-E345-4DE2-B8F4-1513E69178C4}"
EndProject
Project("{2150E333-8FDC-42A3-9474-1A3956D46DE8}") = "02 - CreateStorage", "02 - CreateStorage", "{3B5C0FCA-A363-4FBB-A6C7-69AA30441CBC}"
EndProject
Project("{FAE04EC0-301F-11D3-BF4B-00C04F79EFBC}") = "CreateStorage.Xbox360", "Asset\02 - CreateStorage\CreateStorage\CreateStorage.Xbox360.csproj", "{F1D8479C-589B-437A-953D-3DAFDDE821B1}"
EndProject
Project("{FAE04EC0-301F-11D3-BF4B-00C04F79EFBC}") = "CreateStorageOtherContent", "Asset\02 - CreateStorage\CreateStorageOtherContent\CreateStorageOtherContent.contentproj", "{B8A8C487-E576-46E1-BEE9-E47BB81638A0}"
EndProject
Project("{FAE04EC0-301F-11D3-BF4B-00C04F79EFBC}") = "Common.Content", "Common\Common.Content\Common.Content.contentproj", "{AB31BB74-E2A5-4D7A-ABF5-196857FE465D}"
EndProject
Project("{2150E333-8FDC-42A3-9474-1A3956D46DE8}") = "03 - LoadAsset", "03 - LoadAsset", "{E9C25AA4-F7BE-457C-B1C7-8CDDC1A7FA46}"
EndProject
Project("{FAE04EC0-301F-11D3-BF4B-00C04F79EFBC}") = "LoadAsset", "Asset\03 - LoadAsset\LoadAsset\LoadAsset.csproj", "{AC446864-F6D2-4DD6-B7DA-EE27B61E2AC3}"
EndProject
Project("{FAE04EC0-301F-11D3-BF4B-00C04F79EFBC}") = "LoadAssetContent", "Asset\03 - LoadAsset\LoadAssetContent\LoadAssetContent.contentproj", "{FB353B88-674F-49B3-85B5-818E4093D5CC}"
EndProject
Project("{FAE04EC0-301F-11D3-BF4B-00C04F79EFBC}") = "LoadAsset.Xbox360", "Asset\03 - LoadAsset\LoadAsset\LoadAsset.Xbox360.csproj", "{5D38D33D-3DCE-4B92-905A-2FEC07BC0522}"
EndProject
Project("{2150E333-8FDC-42A3-9474-1A3956D46DE8}") = "04 - LoadWithLoader", "04 - LoadWithLoader", "{18ABDFF9-253E-4A08-B05E-909988D0440B}"
EndProject
Project("{FAE04EC0-301F-11D3-BF4B-00C04F79EFBC}") = "LoadWithLoader", "Asset\04 - LoadWithLoader\LoadWithLoader\LoadWithLoader.csproj", "{5BCE057B-A6ED-4111-AB6E-70506A9681BB}"
EndProject
Project("{FAE04EC0-301F-11D3-BF4B-00C04F79EFBC}") = "LoadWithLoaderContent", "Asset\04 - LoadWithLoader\LoadWithLoaderContent\LoadWithLoaderContent.contentproj", "{074C82F6-6F53-4006-A230-CEFBA360FEC4}"
EndProject
Project("{FAE04EC0-301F-11D3-BF4B-00C04F79EFBC}") = "LoadWithLoader.Xbox360", "Asset\04 - LoadWithLoader\LoadWithLoader\LoadWithLoader.Xbox360.csproj", "{C9EEA94E-213C-42E7-A679-AC4A0BAEAD8E}"
EndProject
Project("{FAE04EC0-301F-11D3-BF4B-00C04F79EFBC}") = "CustomAssetLibrary", "Asset\04 - LoadWithLoader\CustomAssetLibrary\CustomAssetLibrary.csproj", "{D5A48F3D-2C3A-4844-AA15-43BB5B64B0A8}"
EndProject
Project("{FAE04EC0-301F-11D3-BF4B-00C04F79EFBC}") = "CustomAssetLibrary.Xbox360", "Asset\04 - LoadWithLoader\CustomAssetLibrary\CustomAssetLibrary.Xbox360.csproj", "{21ABD8C0-DA4A-4515-8154-7A7EA7AA2ED0}"
EndProject
Project("{2150E333-8FDC-42A3-9474-1A3956D46DE8}") = "Component", "Component", "{1E1206D0-68BE-4701-8B49-287A23103598}"
EndProject
Project("{FAE04EC0-301F-11D3-BF4B-00C04F79EFBC}") = "World", "Component\01 - World\World\World.csproj", "{F7BA4BE4-B667-414B-988D-4CD32F47111C}"
EndProject
Project("{FAE04EC0-301F-11D3-BF4B-00C04F79EFBC}") = "WorldContent", "Component\01 - World\WorldContent\WorldContent.contentproj", "{87361DE4-0775-4F1D-89A2-8871D5CD8392}"
EndProject
Project("{FAE04EC0-301F-11D3-BF4B-00C04F79EFBC}") = "World.Xbox360", "Component\01 - World\World\World.Xbox360.csproj", "{E22D8076-A749-43E5-8253-088A87394EFD}"
EndProject
Project("{2150E333-8FDC-42A3-9474-1A3956D46DE8}") = "01 - World", "01 - World", "{00B4258D-3206-4526-BC16-2CEB5F85AEED}"
EndProject
Project("{FAE04EC0-301F-11D3-BF4B-00C04F79EFBC}") = "GameObjects", "Component\02 - GameObjects\GameObjects\GameObjects.csproj", "{7852EE73-4B09-47AA-A263-2BBF9558F0D0}"
EndProject
Project("{FAE04EC0-301F-11D3-BF4B-00C04F79EFBC}") = "GameObjectsContent", "Component\02 - GameObjects\GameObjectsContent\GameObjectsContent.contentproj", "{A7337BAE-C60F-43F1-B6E0-2FBC28EFBAFD}"
EndProject
Project("{2150E333-8FDC-42A3-9474-1A3956D46DE8}") = "02 - GameObjects", "02 - GameObjects", "{948DB92D-A8E4-4488-B840-007AC0E83C07}"
EndProject
Project("{FAE04EC0-301F-11D3-BF4B-00C04F79EFBC}") = "GameObjects.Xbox360", "Component\02 - GameObjects\GameObjects\GameObjects.Xbox360.csproj", "{DE8B3CE4-71BD-4DE2-9CD4-E9A18D2ED973}"
EndProject
Project("{FAE04EC0-301F-11D3-BF4B-00C04F79EFBC}") = "GameObjectsManager", "Component\03 - GameObjectsManager\GameObjectsManager\GameObjectsManager.csproj", "{E2E0EF92-79EA-4C50-9D58-5EAEA8362968}"
EndProject
Project("{FAE04EC0-301F-11D3-BF4B-00C04F79EFBC}") = "GameObjectsManagerContent", "Component\03 - GameObjectsManager\GameObjectsManagerContent\GameObjectsManagerContent.contentproj", "{A340DB7E-AF46-4A3D-867A-83CBE56D4334}"
EndProject
Project("{2150E333-8FDC-42A3-9474-1A3956D46DE8}") = "03 - GameObjectsManager", "03 - GameObjectsManager", "{9E34B6C4-7BAE-4E55-B279-F395192CD57F}"
EndProject
Project("{FAE04EC0-301F-11D3-BF4B-00C04F79EFBC}") = "GameObjectsManager.Xbox360", "Component\03 - GameObjectsManager\GameObjectsManager\GameObjectsManager.Xbox360.csproj", "{B594C221-4342-4DBC-A018-00BBA2395C6A}"
EndProject
Project("{2150E333-8FDC-42A3-9474-1A3956D46DE8}") = "04 - Components", "04 - Components", "{D5CCAB18-EEA9-4A89-9719-9612844DCAEF}"
EndProject
Project("{FAE04EC0-301F-11D3-BF4B-00C04F79EFBC}") = "Components", "Component\04 - Components\Components\Components.csproj", "{F3FAF366-0AD1-481C-B303-5FA6E4ABB2B8}"
EndProject
Project("{FAE04EC0-301F-11D3-BF4B-00C04F79EFBC}") = "ComponentsContent", "Component\04 - Components\ComponentsContent\ComponentsContent.contentproj", "{5BD9741E-1701-42A7-8171-8AC2F82BF6D0}"
EndProject
Project("{FAE04EC0-301F-11D3-BF4B-00C04F79EFBC}") = "Components.Xbox360", "Component\04 - Components\Components\Components.Xbox360.csproj", "{0347EC2B-952C-4EE1-ABF5-55C8445C0DFF}"
EndProject
Project("{2150E333-8FDC-42A3-9474-1A3956D46DE8}") = "05 - Systems", "05 - Systems", "{78CDE200-08CA-4ED7-93FD-B53E980F13AB}"
EndProject
Project("{FAE04EC0-301F-11D3-BF4B-00C04F79EFBC}") = "Systems", "Component\05 - Systems\Systems\Systems.csproj", "{D9F8B351-963A-4F1D-BF85-7D623BBE2AD4}"
EndProject
Project("{FAE04EC0-301F-11D3-BF4B-00C04F79EFBC}") = "SystemsContent", "Component\05 - Systems\SystemsContent\SystemsContent.contentproj", "{FF6FFAE3-CD3D-47CB-84EE-DA41CF68EF4B}"
EndProject
Project("{FAE04EC0-301F-11D3-BF4B-00C04F79EFBC}") = "Systems.Xbox360", "Component\05 - Systems\Systems\Systems.Xbox360.csproj", "{1E34E86C-8989-4FF4-80E5-676193F3B037}"
EndProject
Global
	GlobalSection(SolutionConfigurationPlatforms) = preSolution
		Debug|Any CPU = Debug|Any CPU
		Debug|Mixed Platforms = Debug|Mixed Platforms
		Debug|x86 = Debug|x86
		Debug|Xbox 360 = Debug|Xbox 360
		Release|Any CPU = Release|Any CPU
		Release|Mixed Platforms = Release|Mixed Platforms
		Release|x86 = Release|x86
		Release|Xbox 360 = Release|Xbox 360
	EndGlobalSection
	GlobalSection(ProjectConfigurationPlatforms) = postSolution
		{1172BFB0-471F-4B91-A4FB-9C2E890A9B25}.Debug|Any CPU.ActiveCfg = Debug|x86
		{1172BFB0-471F-4B91-A4FB-9C2E890A9B25}.Debug|Mixed Platforms.ActiveCfg = Debug|x86
		{1172BFB0-471F-4B91-A4FB-9C2E890A9B25}.Debug|Mixed Platforms.Build.0 = Debug|x86
		{1172BFB0-471F-4B91-A4FB-9C2E890A9B25}.Debug|x86.ActiveCfg = Debug|x86
		{1172BFB0-471F-4B91-A4FB-9C2E890A9B25}.Debug|x86.Build.0 = Debug|x86
		{1172BFB0-471F-4B91-A4FB-9C2E890A9B25}.Debug|Xbox 360.ActiveCfg = Debug|x86
		{1172BFB0-471F-4B91-A4FB-9C2E890A9B25}.Debug|Xbox 360.Build.0 = Debug|x86
		{1172BFB0-471F-4B91-A4FB-9C2E890A9B25}.Release|Any CPU.ActiveCfg = Release|x86
		{1172BFB0-471F-4B91-A4FB-9C2E890A9B25}.Release|Mixed Platforms.ActiveCfg = Release|x86
		{1172BFB0-471F-4B91-A4FB-9C2E890A9B25}.Release|Mixed Platforms.Build.0 = Release|x86
		{1172BFB0-471F-4B91-A4FB-9C2E890A9B25}.Release|x86.ActiveCfg = Release|x86
		{1172BFB0-471F-4B91-A4FB-9C2E890A9B25}.Release|x86.Build.0 = Release|x86
		{1172BFB0-471F-4B91-A4FB-9C2E890A9B25}.Release|Xbox 360.ActiveCfg = Release|x86
		{1172BFB0-471F-4B91-A4FB-9C2E890A9B25}.Release|Xbox 360.Build.0 = Release|x86
		{4DF6BDE1-4A1B-448C-BE6A-2FDEA967CAAE}.Debug|Any CPU.ActiveCfg = Debug|x86
		{4DF6BDE1-4A1B-448C-BE6A-2FDEA967CAAE}.Debug|Mixed Platforms.ActiveCfg = Debug|x86
		{4DF6BDE1-4A1B-448C-BE6A-2FDEA967CAAE}.Debug|x86.ActiveCfg = Debug|x86
		{4DF6BDE1-4A1B-448C-BE6A-2FDEA967CAAE}.Debug|Xbox 360.ActiveCfg = Debug|x86
		{4DF6BDE1-4A1B-448C-BE6A-2FDEA967CAAE}.Release|Any CPU.ActiveCfg = Release|x86
		{4DF6BDE1-4A1B-448C-BE6A-2FDEA967CAAE}.Release|Mixed Platforms.ActiveCfg = Release|x86
		{4DF6BDE1-4A1B-448C-BE6A-2FDEA967CAAE}.Release|x86.ActiveCfg = Release|x86
		{4DF6BDE1-4A1B-448C-BE6A-2FDEA967CAAE}.Release|Xbox 360.ActiveCfg = Release|x86
		{EF8453BB-2E0A-4ADF-949A-EFE8D6099CAF}.Debug|Any CPU.ActiveCfg = Debug|Xbox 360
		{EF8453BB-2E0A-4ADF-949A-EFE8D6099CAF}.Debug|Mixed Platforms.ActiveCfg = Debug|Xbox 360
		{EF8453BB-2E0A-4ADF-949A-EFE8D6099CAF}.Debug|Mixed Platforms.Build.0 = Debug|Xbox 360
		{EF8453BB-2E0A-4ADF-949A-EFE8D6099CAF}.Debug|x86.ActiveCfg = Debug|Xbox 360
		{EF8453BB-2E0A-4ADF-949A-EFE8D6099CAF}.Debug|Xbox 360.ActiveCfg = Debug|Xbox 360
		{EF8453BB-2E0A-4ADF-949A-EFE8D6099CAF}.Debug|Xbox 360.Build.0 = Debug|Xbox 360
		{EF8453BB-2E0A-4ADF-949A-EFE8D6099CAF}.Debug|Xbox 360.Deploy.0 = Debug|Xbox 360
		{EF8453BB-2E0A-4ADF-949A-EFE8D6099CAF}.Release|Any CPU.ActiveCfg = Release|Xbox 360
		{EF8453BB-2E0A-4ADF-949A-EFE8D6099CAF}.Release|Mixed Platforms.ActiveCfg = Release|Xbox 360
		{EF8453BB-2E0A-4ADF-949A-EFE8D6099CAF}.Release|Mixed Platforms.Build.0 = Release|Xbox 360
		{EF8453BB-2E0A-4ADF-949A-EFE8D6099CAF}.Release|x86.ActiveCfg = Release|Xbox 360
		{EF8453BB-2E0A-4ADF-949A-EFE8D6099CAF}.Release|Xbox 360.ActiveCfg = Release|Xbox 360
		{EF8453BB-2E0A-4ADF-949A-EFE8D6099CAF}.Release|Xbox 360.Build.0 = Release|Xbox 360
		{EF8453BB-2E0A-4ADF-949A-EFE8D6099CAF}.Release|Xbox 360.Deploy.0 = Release|Xbox 360
		{57490789-8D26-4A7E-9389-98902E4AECB2}.Debug|Any CPU.ActiveCfg = Debug|x86
		{57490789-8D26-4A7E-9389-98902E4AECB2}.Debug|Mixed Platforms.ActiveCfg = Debug|x86
		{57490789-8D26-4A7E-9389-98902E4AECB2}.Debug|Mixed Platforms.Build.0 = Debug|x86
		{57490789-8D26-4A7E-9389-98902E4AECB2}.Debug|x86.ActiveCfg = Debug|x86
		{57490789-8D26-4A7E-9389-98902E4AECB2}.Debug|x86.Build.0 = Debug|x86
		{57490789-8D26-4A7E-9389-98902E4AECB2}.Debug|Xbox 360.ActiveCfg = Debug|x86
		{57490789-8D26-4A7E-9389-98902E4AECB2}.Debug|Xbox 360.Build.0 = Debug|x86
		{57490789-8D26-4A7E-9389-98902E4AECB2}.Release|Any CPU.ActiveCfg = Release|x86
		{57490789-8D26-4A7E-9389-98902E4AECB2}.Release|Mixed Platforms.ActiveCfg = Release|x86
		{57490789-8D26-4A7E-9389-98902E4AECB2}.Release|Mixed Platforms.Build.0 = Release|x86
		{57490789-8D26-4A7E-9389-98902E4AECB2}.Release|x86.ActiveCfg = Release|x86
		{57490789-8D26-4A7E-9389-98902E4AECB2}.Release|x86.Build.0 = Release|x86
		{57490789-8D26-4A7E-9389-98902E4AECB2}.Release|Xbox 360.ActiveCfg = Release|x86
		{57490789-8D26-4A7E-9389-98902E4AECB2}.Release|Xbox 360.Build.0 = Release|x86
		{86705DBB-154A-43DF-A427-2B764F9537BB}.Debug|Any CPU.ActiveCfg = Debug|Xbox 360
		{86705DBB-154A-43DF-A427-2B764F9537BB}.Debug|Mixed Platforms.ActiveCfg = Debug|Xbox 360
		{86705DBB-154A-43DF-A427-2B764F9537BB}.Debug|Mixed Platforms.Build.0 = Debug|Xbox 360
		{86705DBB-154A-43DF-A427-2B764F9537BB}.Debug|x86.ActiveCfg = Debug|Xbox 360
		{86705DBB-154A-43DF-A427-2B764F9537BB}.Debug|Xbox 360.ActiveCfg = Debug|Xbox 360
		{86705DBB-154A-43DF-A427-2B764F9537BB}.Debug|Xbox 360.Build.0 = Debug|Xbox 360
		{86705DBB-154A-43DF-A427-2B764F9537BB}.Release|Any CPU.ActiveCfg = Release|Xbox 360
		{86705DBB-154A-43DF-A427-2B764F9537BB}.Release|Mixed Platforms.ActiveCfg = Release|Xbox 360
		{86705DBB-154A-43DF-A427-2B764F9537BB}.Release|Mixed Platforms.Build.0 = Release|Xbox 360
		{86705DBB-154A-43DF-A427-2B764F9537BB}.Release|x86.ActiveCfg = Release|Xbox 360
		{86705DBB-154A-43DF-A427-2B764F9537BB}.Release|Xbox 360.ActiveCfg = Release|Xbox 360
		{86705DBB-154A-43DF-A427-2B764F9537BB}.Release|Xbox 360.Build.0 = Release|Xbox 360
		{46175482-6368-40F3-82D6-EEE05C59C09C}.Debug|Any CPU.ActiveCfg = Debug|Any CPU
		{46175482-6368-40F3-82D6-EEE05C59C09C}.Debug|Mixed Platforms.ActiveCfg = Debug|Any CPU
		{46175482-6368-40F3-82D6-EEE05C59C09C}.Debug|x86.ActiveCfg = Debug|Any CPU
		{46175482-6368-40F3-82D6-EEE05C59C09C}.Debug|Xbox 360.ActiveCfg = Debug|Any CPU
		{46175482-6368-40F3-82D6-EEE05C59C09C}.Release|Any CPU.ActiveCfg = Debug|Any CPU
		{46175482-6368-40F3-82D6-EEE05C59C09C}.Release|Mixed Platforms.ActiveCfg = Debug|Any CPU
		{46175482-6368-40F3-82D6-EEE05C59C09C}.Release|x86.ActiveCfg = Debug|Any CPU
		{46175482-6368-40F3-82D6-EEE05C59C09C}.Release|Xbox 360.ActiveCfg = Debug|Any CPU
		{BD5FAC67-32DC-4E9F-B387-6458853468F1}.Debug|Any CPU.ActiveCfg = Debug|x86
		{BD5FAC67-32DC-4E9F-B387-6458853468F1}.Debug|Mixed Platforms.ActiveCfg = Debug|x86
		{BD5FAC67-32DC-4E9F-B387-6458853468F1}.Debug|Mixed Platforms.Build.0 = Debug|x86
		{BD5FAC67-32DC-4E9F-B387-6458853468F1}.Debug|x86.ActiveCfg = Debug|x86
		{BD5FAC67-32DC-4E9F-B387-6458853468F1}.Debug|x86.Build.0 = Debug|x86
		{BD5FAC67-32DC-4E9F-B387-6458853468F1}.Debug|Xbox 360.ActiveCfg = Debug|x86
		{BD5FAC67-32DC-4E9F-B387-6458853468F1}.Debug|Xbox 360.Build.0 = Debug|x86
		{BD5FAC67-32DC-4E9F-B387-6458853468F1}.Release|Any CPU.ActiveCfg = Release|x86
		{BD5FAC67-32DC-4E9F-B387-6458853468F1}.Release|Mixed Platforms.ActiveCfg = Release|x86
		{BD5FAC67-32DC-4E9F-B387-6458853468F1}.Release|Mixed Platforms.Build.0 = Release|x86
		{BD5FAC67-32DC-4E9F-B387-6458853468F1}.Release|x86.ActiveCfg = Release|x86
		{BD5FAC67-32DC-4E9F-B387-6458853468F1}.Release|x86.Build.0 = Release|x86
		{BD5FAC67-32DC-4E9F-B387-6458853468F1}.Release|Xbox 360.ActiveCfg = Release|x86
		{BD5FAC67-32DC-4E9F-B387-6458853468F1}.Release|Xbox 360.Build.0 = Release|x86
		{5D7AF875-E345-4DE2-B8F4-1513E69178C4}.Debug|Any CPU.ActiveCfg = Debug|x86
		{5D7AF875-E345-4DE2-B8F4-1513E69178C4}.Debug|Mixed Platforms.ActiveCfg = Debug|x86
		{5D7AF875-E345-4DE2-B8F4-1513E69178C4}.Debug|x86.ActiveCfg = Debug|x86
		{5D7AF875-E345-4DE2-B8F4-1513E69178C4}.Debug|Xbox 360.ActiveCfg = Debug|x86
		{5D7AF875-E345-4DE2-B8F4-1513E69178C4}.Release|Any CPU.ActiveCfg = Release|x86
		{5D7AF875-E345-4DE2-B8F4-1513E69178C4}.Release|Mixed Platforms.ActiveCfg = Release|x86
		{5D7AF875-E345-4DE2-B8F4-1513E69178C4}.Release|x86.ActiveCfg = Release|x86
		{5D7AF875-E345-4DE2-B8F4-1513E69178C4}.Release|Xbox 360.ActiveCfg = Release|x86
		{F1D8479C-589B-437A-953D-3DAFDDE821B1}.Debug|Any CPU.ActiveCfg = Debug|Xbox 360
		{F1D8479C-589B-437A-953D-3DAFDDE821B1}.Debug|Mixed Platforms.ActiveCfg = Debug|Xbox 360
		{F1D8479C-589B-437A-953D-3DAFDDE821B1}.Debug|Mixed Platforms.Build.0 = Debug|Xbox 360
		{F1D8479C-589B-437A-953D-3DAFDDE821B1}.Debug|Mixed Platforms.Deploy.0 = Debug|Xbox 360
		{F1D8479C-589B-437A-953D-3DAFDDE821B1}.Debug|x86.ActiveCfg = Debug|Xbox 360
		{F1D8479C-589B-437A-953D-3DAFDDE821B1}.Debug|Xbox 360.ActiveCfg = Debug|Xbox 360
		{F1D8479C-589B-437A-953D-3DAFDDE821B1}.Debug|Xbox 360.Build.0 = Debug|Xbox 360
		{F1D8479C-589B-437A-953D-3DAFDDE821B1}.Debug|Xbox 360.Deploy.0 = Debug|Xbox 360
		{F1D8479C-589B-437A-953D-3DAFDDE821B1}.Release|Any CPU.ActiveCfg = Release|Xbox 360
		{F1D8479C-589B-437A-953D-3DAFDDE821B1}.Release|Mixed Platforms.ActiveCfg = Release|Xbox 360
		{F1D8479C-589B-437A-953D-3DAFDDE821B1}.Release|Mixed Platforms.Build.0 = Release|Xbox 360
		{F1D8479C-589B-437A-953D-3DAFDDE821B1}.Release|Mixed Platforms.Deploy.0 = Release|Xbox 360
		{F1D8479C-589B-437A-953D-3DAFDDE821B1}.Release|x86.ActiveCfg = Release|Xbox 360
		{F1D8479C-589B-437A-953D-3DAFDDE821B1}.Release|Xbox 360.ActiveCfg = Release|Xbox 360
		{F1D8479C-589B-437A-953D-3DAFDDE821B1}.Release|Xbox 360.Build.0 = Release|Xbox 360
		{F1D8479C-589B-437A-953D-3DAFDDE821B1}.Release|Xbox 360.Deploy.0 = Release|Xbox 360
		{B8A8C487-E576-46E1-BEE9-E47BB81638A0}.Debug|Any CPU.ActiveCfg = Debug|Any CPU
		{B8A8C487-E576-46E1-BEE9-E47BB81638A0}.Debug|Mixed Platforms.ActiveCfg = Debug|Any CPU
		{B8A8C487-E576-46E1-BEE9-E47BB81638A0}.Debug|x86.ActiveCfg = Debug|Any CPU
		{B8A8C487-E576-46E1-BEE9-E47BB81638A0}.Debug|Xbox 360.ActiveCfg = Debug|Any CPU
		{B8A8C487-E576-46E1-BEE9-E47BB81638A0}.Release|Any CPU.ActiveCfg = Debug|Any CPU
		{B8A8C487-E576-46E1-BEE9-E47BB81638A0}.Release|Mixed Platforms.ActiveCfg = Debug|Any CPU
		{B8A8C487-E576-46E1-BEE9-E47BB81638A0}.Release|x86.ActiveCfg = Debug|Any CPU
		{B8A8C487-E576-46E1-BEE9-E47BB81638A0}.Release|Xbox 360.ActiveCfg = Debug|Any CPU
		{AB31BB74-E2A5-4D7A-ABF5-196857FE465D}.Debug|Any CPU.ActiveCfg = Debug|Any CPU
		{AB31BB74-E2A5-4D7A-ABF5-196857FE465D}.Debug|Mixed Platforms.ActiveCfg = Debug|Any CPU
		{AB31BB74-E2A5-4D7A-ABF5-196857FE465D}.Debug|x86.ActiveCfg = Debug|Any CPU
		{AB31BB74-E2A5-4D7A-ABF5-196857FE465D}.Debug|Xbox 360.ActiveCfg = Debug|Any CPU
		{AB31BB74-E2A5-4D7A-ABF5-196857FE465D}.Release|Any CPU.ActiveCfg = Debug|Any CPU
		{AB31BB74-E2A5-4D7A-ABF5-196857FE465D}.Release|Mixed Platforms.ActiveCfg = Debug|Any CPU
		{AB31BB74-E2A5-4D7A-ABF5-196857FE465D}.Release|x86.ActiveCfg = Debug|Any CPU
		{AB31BB74-E2A5-4D7A-ABF5-196857FE465D}.Release|Xbox 360.ActiveCfg = Debug|Any CPU
		{AC446864-F6D2-4DD6-B7DA-EE27B61E2AC3}.Debug|Any CPU.ActiveCfg = Debug|x86
		{AC446864-F6D2-4DD6-B7DA-EE27B61E2AC3}.Debug|Mixed Platforms.ActiveCfg = Debug|x86
		{AC446864-F6D2-4DD6-B7DA-EE27B61E2AC3}.Debug|Mixed Platforms.Build.0 = Debug|x86
		{AC446864-F6D2-4DD6-B7DA-EE27B61E2AC3}.Debug|x86.ActiveCfg = Debug|x86
		{AC446864-F6D2-4DD6-B7DA-EE27B61E2AC3}.Debug|x86.Build.0 = Debug|x86
		{AC446864-F6D2-4DD6-B7DA-EE27B61E2AC3}.Debug|Xbox 360.ActiveCfg = Debug|x86
		{AC446864-F6D2-4DD6-B7DA-EE27B61E2AC3}.Release|Any CPU.ActiveCfg = Release|x86
		{AC446864-F6D2-4DD6-B7DA-EE27B61E2AC3}.Release|Mixed Platforms.ActiveCfg = Release|x86
		{AC446864-F6D2-4DD6-B7DA-EE27B61E2AC3}.Release|Mixed Platforms.Build.0 = Release|x86
		{AC446864-F6D2-4DD6-B7DA-EE27B61E2AC3}.Release|x86.ActiveCfg = Release|x86
		{AC446864-F6D2-4DD6-B7DA-EE27B61E2AC3}.Release|x86.Build.0 = Release|x86
		{AC446864-F6D2-4DD6-B7DA-EE27B61E2AC3}.Release|Xbox 360.ActiveCfg = Release|x86
		{FB353B88-674F-49B3-85B5-818E4093D5CC}.Debug|Any CPU.ActiveCfg = Debug|x86
		{FB353B88-674F-49B3-85B5-818E4093D5CC}.Debug|Mixed Platforms.ActiveCfg = Debug|x86
		{FB353B88-674F-49B3-85B5-818E4093D5CC}.Debug|x86.ActiveCfg = Debug|x86
		{FB353B88-674F-49B3-85B5-818E4093D5CC}.Debug|Xbox 360.ActiveCfg = Debug|x86
		{FB353B88-674F-49B3-85B5-818E4093D5CC}.Release|Any CPU.ActiveCfg = Release|x86
		{FB353B88-674F-49B3-85B5-818E4093D5CC}.Release|Mixed Platforms.ActiveCfg = Release|x86
		{FB353B88-674F-49B3-85B5-818E4093D5CC}.Release|x86.ActiveCfg = Release|x86
		{FB353B88-674F-49B3-85B5-818E4093D5CC}.Release|Xbox 360.ActiveCfg = Release|x86
		{5D38D33D-3DCE-4B92-905A-2FEC07BC0522}.Debug|Any CPU.ActiveCfg = Debug|Xbox 360
		{5D38D33D-3DCE-4B92-905A-2FEC07BC0522}.Debug|Mixed Platforms.ActiveCfg = Debug|Xbox 360
		{5D38D33D-3DCE-4B92-905A-2FEC07BC0522}.Debug|Mixed Platforms.Build.0 = Debug|Xbox 360
		{5D38D33D-3DCE-4B92-905A-2FEC07BC0522}.Debug|Mixed Platforms.Deploy.0 = Debug|Xbox 360
		{5D38D33D-3DCE-4B92-905A-2FEC07BC0522}.Debug|x86.ActiveCfg = Debug|Xbox 360
		{5D38D33D-3DCE-4B92-905A-2FEC07BC0522}.Debug|Xbox 360.ActiveCfg = Debug|Xbox 360
		{5D38D33D-3DCE-4B92-905A-2FEC07BC0522}.Debug|Xbox 360.Build.0 = Debug|Xbox 360
		{5D38D33D-3DCE-4B92-905A-2FEC07BC0522}.Debug|Xbox 360.Deploy.0 = Debug|Xbox 360
		{5D38D33D-3DCE-4B92-905A-2FEC07BC0522}.Release|Any CPU.ActiveCfg = Release|Xbox 360
		{5D38D33D-3DCE-4B92-905A-2FEC07BC0522}.Release|Mixed Platforms.ActiveCfg = Release|Xbox 360
		{5D38D33D-3DCE-4B92-905A-2FEC07BC0522}.Release|Mixed Platforms.Build.0 = Release|Xbox 360
		{5D38D33D-3DCE-4B92-905A-2FEC07BC0522}.Release|Mixed Platforms.Deploy.0 = Release|Xbox 360
		{5D38D33D-3DCE-4B92-905A-2FEC07BC0522}.Release|x86.ActiveCfg = Release|Xbox 360
		{5D38D33D-3DCE-4B92-905A-2FEC07BC0522}.Release|Xbox 360.ActiveCfg = Release|Xbox 360
		{5D38D33D-3DCE-4B92-905A-2FEC07BC0522}.Release|Xbox 360.Build.0 = Release|Xbox 360
		{5D38D33D-3DCE-4B92-905A-2FEC07BC0522}.Release|Xbox 360.Deploy.0 = Release|Xbox 360
		{5BCE057B-A6ED-4111-AB6E-70506A9681BB}.Debug|Any CPU.ActiveCfg = Debug|x86
		{5BCE057B-A6ED-4111-AB6E-70506A9681BB}.Debug|Mixed Platforms.ActiveCfg = Debug|x86
		{5BCE057B-A6ED-4111-AB6E-70506A9681BB}.Debug|Mixed Platforms.Build.0 = Debug|x86
		{5BCE057B-A6ED-4111-AB6E-70506A9681BB}.Debug|x86.ActiveCfg = Debug|x86
		{5BCE057B-A6ED-4111-AB6E-70506A9681BB}.Debug|x86.Build.0 = Debug|x86
		{5BCE057B-A6ED-4111-AB6E-70506A9681BB}.Debug|Xbox 360.ActiveCfg = Debug|x86
		{5BCE057B-A6ED-4111-AB6E-70506A9681BB}.Debug|Xbox 360.Build.0 = Debug|x86
		{5BCE057B-A6ED-4111-AB6E-70506A9681BB}.Release|Any CPU.ActiveCfg = Release|x86
		{5BCE057B-A6ED-4111-AB6E-70506A9681BB}.Release|Mixed Platforms.ActiveCfg = Release|x86
		{5BCE057B-A6ED-4111-AB6E-70506A9681BB}.Release|Mixed Platforms.Build.0 = Release|x86
		{5BCE057B-A6ED-4111-AB6E-70506A9681BB}.Release|x86.ActiveCfg = Release|x86
		{5BCE057B-A6ED-4111-AB6E-70506A9681BB}.Release|x86.Build.0 = Release|x86
		{5BCE057B-A6ED-4111-AB6E-70506A9681BB}.Release|Xbox 360.ActiveCfg = Release|x86
		{5BCE057B-A6ED-4111-AB6E-70506A9681BB}.Release|Xbox 360.Build.0 = Release|x86
		{074C82F6-6F53-4006-A230-CEFBA360FEC4}.Debug|Any CPU.ActiveCfg = Debug|x86
		{074C82F6-6F53-4006-A230-CEFBA360FEC4}.Debug|Mixed Platforms.ActiveCfg = Debug|x86
		{074C82F6-6F53-4006-A230-CEFBA360FEC4}.Debug|x86.ActiveCfg = Debug|x86
		{074C82F6-6F53-4006-A230-CEFBA360FEC4}.Debug|Xbox 360.ActiveCfg = Debug|x86
		{074C82F6-6F53-4006-A230-CEFBA360FEC4}.Release|Any CPU.ActiveCfg = Release|x86
		{074C82F6-6F53-4006-A230-CEFBA360FEC4}.Release|Mixed Platforms.ActiveCfg = Release|x86
		{074C82F6-6F53-4006-A230-CEFBA360FEC4}.Release|x86.ActiveCfg = Release|x86
		{074C82F6-6F53-4006-A230-CEFBA360FEC4}.Release|Xbox 360.ActiveCfg = Release|x86
		{C9EEA94E-213C-42E7-A679-AC4A0BAEAD8E}.Debug|Any CPU.ActiveCfg = Debug|Xbox 360
		{C9EEA94E-213C-42E7-A679-AC4A0BAEAD8E}.Debug|Mixed Platforms.ActiveCfg = Debug|Xbox 360
		{C9EEA94E-213C-42E7-A679-AC4A0BAEAD8E}.Debug|Mixed Platforms.Build.0 = Debug|Xbox 360
		{C9EEA94E-213C-42E7-A679-AC4A0BAEAD8E}.Debug|Mixed Platforms.Deploy.0 = Debug|Xbox 360
		{C9EEA94E-213C-42E7-A679-AC4A0BAEAD8E}.Debug|x86.ActiveCfg = Debug|Xbox 360
		{C9EEA94E-213C-42E7-A679-AC4A0BAEAD8E}.Debug|Xbox 360.ActiveCfg = Debug|Xbox 360
		{C9EEA94E-213C-42E7-A679-AC4A0BAEAD8E}.Debug|Xbox 360.Build.0 = Debug|Xbox 360
		{C9EEA94E-213C-42E7-A679-AC4A0BAEAD8E}.Debug|Xbox 360.Deploy.0 = Debug|Xbox 360
		{C9EEA94E-213C-42E7-A679-AC4A0BAEAD8E}.Release|Any CPU.ActiveCfg = Release|Xbox 360
		{C9EEA94E-213C-42E7-A679-AC4A0BAEAD8E}.Release|Mixed Platforms.ActiveCfg = Release|Xbox 360
		{C9EEA94E-213C-42E7-A679-AC4A0BAEAD8E}.Release|Mixed Platforms.Build.0 = Release|Xbox 360
		{C9EEA94E-213C-42E7-A679-AC4A0BAEAD8E}.Release|Mixed Platforms.Deploy.0 = Release|Xbox 360
		{C9EEA94E-213C-42E7-A679-AC4A0BAEAD8E}.Release|x86.ActiveCfg = Release|Xbox 360
		{C9EEA94E-213C-42E7-A679-AC4A0BAEAD8E}.Release|Xbox 360.ActiveCfg = Release|Xbox 360
		{C9EEA94E-213C-42E7-A679-AC4A0BAEAD8E}.Release|Xbox 360.Build.0 = Release|Xbox 360
		{C9EEA94E-213C-42E7-A679-AC4A0BAEAD8E}.Release|Xbox 360.Deploy.0 = Release|Xbox 360
		{D5A48F3D-2C3A-4844-AA15-43BB5B64B0A8}.Debug|Any CPU.ActiveCfg = Debug|x86
		{D5A48F3D-2C3A-4844-AA15-43BB5B64B0A8}.Debug|Mixed Platforms.ActiveCfg = Debug|x86
		{D5A48F3D-2C3A-4844-AA15-43BB5B64B0A8}.Debug|Mixed Platforms.Build.0 = Debug|x86
		{D5A48F3D-2C3A-4844-AA15-43BB5B64B0A8}.Debug|x86.ActiveCfg = Debug|x86
		{D5A48F3D-2C3A-4844-AA15-43BB5B64B0A8}.Debug|x86.Build.0 = Debug|x86
		{D5A48F3D-2C3A-4844-AA15-43BB5B64B0A8}.Debug|Xbox 360.ActiveCfg = Debug|x86
		{D5A48F3D-2C3A-4844-AA15-43BB5B64B0A8}.Debug|Xbox 360.Build.0 = Debug|x86
		{D5A48F3D-2C3A-4844-AA15-43BB5B64B0A8}.Release|Any CPU.ActiveCfg = Release|x86
		{D5A48F3D-2C3A-4844-AA15-43BB5B64B0A8}.Release|Mixed Platforms.ActiveCfg = Release|x86
		{D5A48F3D-2C3A-4844-AA15-43BB5B64B0A8}.Release|Mixed Platforms.Build.0 = Release|x86
		{D5A48F3D-2C3A-4844-AA15-43BB5B64B0A8}.Release|x86.ActiveCfg = Release|x86
		{D5A48F3D-2C3A-4844-AA15-43BB5B64B0A8}.Release|x86.Build.0 = Release|x86
		{D5A48F3D-2C3A-4844-AA15-43BB5B64B0A8}.Release|Xbox 360.ActiveCfg = Release|x86
		{D5A48F3D-2C3A-4844-AA15-43BB5B64B0A8}.Release|Xbox 360.Build.0 = Release|x86
		{21ABD8C0-DA4A-4515-8154-7A7EA7AA2ED0}.Debug|Any CPU.ActiveCfg = Debug|Xbox 360
		{21ABD8C0-DA4A-4515-8154-7A7EA7AA2ED0}.Debug|Mixed Platforms.ActiveCfg = Debug|Xbox 360
		{21ABD8C0-DA4A-4515-8154-7A7EA7AA2ED0}.Debug|Mixed Platforms.Build.0 = Debug|Xbox 360
		{21ABD8C0-DA4A-4515-8154-7A7EA7AA2ED0}.Debug|x86.ActiveCfg = Debug|Xbox 360
		{21ABD8C0-DA4A-4515-8154-7A7EA7AA2ED0}.Debug|Xbox 360.ActiveCfg = Debug|Xbox 360
		{21ABD8C0-DA4A-4515-8154-7A7EA7AA2ED0}.Debug|Xbox 360.Build.0 = Debug|Xbox 360
		{21ABD8C0-DA4A-4515-8154-7A7EA7AA2ED0}.Release|Any CPU.ActiveCfg = Release|Xbox 360
		{21ABD8C0-DA4A-4515-8154-7A7EA7AA2ED0}.Release|Mixed Platforms.ActiveCfg = Release|Xbox 360
		{21ABD8C0-DA4A-4515-8154-7A7EA7AA2ED0}.Release|Mixed Platforms.Build.0 = Release|Xbox 360
		{21ABD8C0-DA4A-4515-8154-7A7EA7AA2ED0}.Release|x86.ActiveCfg = Release|Xbox 360
		{21ABD8C0-DA4A-4515-8154-7A7EA7AA2ED0}.Release|Xbox 360.ActiveCfg = Release|Xbox 360
		{21ABD8C0-DA4A-4515-8154-7A7EA7AA2ED0}.Release|Xbox 360.Build.0 = Release|Xbox 360
		{F7BA4BE4-B667-414B-988D-4CD32F47111C}.Debug|Any CPU.ActiveCfg = Debug|x86
		{F7BA4BE4-B667-414B-988D-4CD32F47111C}.Debug|Mixed Platforms.ActiveCfg = Debug|x86
		{F7BA4BE4-B667-414B-988D-4CD32F47111C}.Debug|Mixed Platforms.Build.0 = Debug|x86
		{F7BA4BE4-B667-414B-988D-4CD32F47111C}.Debug|x86.ActiveCfg = Debug|x86
		{F7BA4BE4-B667-414B-988D-4CD32F47111C}.Debug|x86.Build.0 = Debug|x86
		{F7BA4BE4-B667-414B-988D-4CD32F47111C}.Debug|Xbox 360.ActiveCfg = Debug|x86
		{F7BA4BE4-B667-414B-988D-4CD32F47111C}.Release|Any CPU.ActiveCfg = Release|x86
		{F7BA4BE4-B667-414B-988D-4CD32F47111C}.Release|Mixed Platforms.ActiveCfg = Release|x86
		{F7BA4BE4-B667-414B-988D-4CD32F47111C}.Release|Mixed Platforms.Build.0 = Release|x86
		{F7BA4BE4-B667-414B-988D-4CD32F47111C}.Release|x86.ActiveCfg = Release|x86
		{F7BA4BE4-B667-414B-988D-4CD32F47111C}.Release|x86.Build.0 = Release|x86
		{F7BA4BE4-B667-414B-988D-4CD32F47111C}.Release|Xbox 360.ActiveCfg = Release|x86
		{87361DE4-0775-4F1D-89A2-8871D5CD8392}.Debug|Any CPU.ActiveCfg = Debug|x86
		{87361DE4-0775-4F1D-89A2-8871D5CD8392}.Debug|Mixed Platforms.ActiveCfg = Debug|x86
		{87361DE4-0775-4F1D-89A2-8871D5CD8392}.Debug|x86.ActiveCfg = Debug|x86
		{87361DE4-0775-4F1D-89A2-8871D5CD8392}.Debug|Xbox 360.ActiveCfg = Debug|x86
		{87361DE4-0775-4F1D-89A2-8871D5CD8392}.Release|Any CPU.ActiveCfg = Release|x86
		{87361DE4-0775-4F1D-89A2-8871D5CD8392}.Release|Mixed Platforms.ActiveCfg = Release|x86
		{87361DE4-0775-4F1D-89A2-8871D5CD8392}.Release|x86.ActiveCfg = Release|x86
		{87361DE4-0775-4F1D-89A2-8871D5CD8392}.Release|Xbox 360.ActiveCfg = Release|x86
		{E22D8076-A749-43E5-8253-088A87394EFD}.Debug|Any CPU.ActiveCfg = Debug|Xbox 360
		{E22D8076-A749-43E5-8253-088A87394EFD}.Debug|Mixed Platforms.ActiveCfg = Debug|Xbox 360
		{E22D8076-A749-43E5-8253-088A87394EFD}.Debug|Mixed Platforms.Build.0 = Debug|Xbox 360
		{E22D8076-A749-43E5-8253-088A87394EFD}.Debug|Mixed Platforms.Deploy.0 = Debug|Xbox 360
		{E22D8076-A749-43E5-8253-088A87394EFD}.Debug|x86.ActiveCfg = Debug|Xbox 360
		{E22D8076-A749-43E5-8253-088A87394EFD}.Debug|Xbox 360.ActiveCfg = Debug|Xbox 360
		{E22D8076-A749-43E5-8253-088A87394EFD}.Debug|Xbox 360.Build.0 = Debug|Xbox 360
		{E22D8076-A749-43E5-8253-088A87394EFD}.Debug|Xbox 360.Deploy.0 = Debug|Xbox 360
		{E22D8076-A749-43E5-8253-088A87394EFD}.Release|Any CPU.ActiveCfg = Release|Xbox 360
		{E22D8076-A749-43E5-8253-088A87394EFD}.Release|Mixed Platforms.ActiveCfg = Release|Xbox 360
		{E22D8076-A749-43E5-8253-088A87394EFD}.Release|Mixed Platforms.Build.0 = Release|Xbox 360
		{E22D8076-A749-43E5-8253-088A87394EFD}.Release|Mixed Platforms.Deploy.0 = Release|Xbox 360
		{E22D8076-A749-43E5-8253-088A87394EFD}.Release|x86.ActiveCfg = Release|Xbox 360
		{E22D8076-A749-43E5-8253-088A87394EFD}.Release|Xbox 360.ActiveCfg = Release|Xbox 360
		{E22D8076-A749-43E5-8253-088A87394EFD}.Release|Xbox 360.Build.0 = Release|Xbox 360
		{E22D8076-A749-43E5-8253-088A87394EFD}.Release|Xbox 360.Deploy.0 = Release|Xbox 360
		{7852EE73-4B09-47AA-A263-2BBF9558F0D0}.Debug|Any CPU.ActiveCfg = Debug|x86
		{7852EE73-4B09-47AA-A263-2BBF9558F0D0}.Debug|Mixed Platforms.ActiveCfg = Debug|x86
		{7852EE73-4B09-47AA-A263-2BBF9558F0D0}.Debug|Mixed Platforms.Build.0 = Debug|x86
		{7852EE73-4B09-47AA-A263-2BBF9558F0D0}.Debug|x86.ActiveCfg = Debug|x86
		{7852EE73-4B09-47AA-A263-2BBF9558F0D0}.Debug|x86.Build.0 = Debug|x86
		{7852EE73-4B09-47AA-A263-2BBF9558F0D0}.Debug|Xbox 360.ActiveCfg = Debug|x86
		{7852EE73-4B09-47AA-A263-2BBF9558F0D0}.Debug|Xbox 360.Build.0 = Debug|x86
		{7852EE73-4B09-47AA-A263-2BBF9558F0D0}.Release|Any CPU.ActiveCfg = Release|x86
		{7852EE73-4B09-47AA-A263-2BBF9558F0D0}.Release|Mixed Platforms.ActiveCfg = Release|x86
		{7852EE73-4B09-47AA-A263-2BBF9558F0D0}.Release|Mixed Platforms.Build.0 = Release|x86
		{7852EE73-4B09-47AA-A263-2BBF9558F0D0}.Release|x86.ActiveCfg = Release|x86
		{7852EE73-4B09-47AA-A263-2BBF9558F0D0}.Release|x86.Build.0 = Release|x86
		{7852EE73-4B09-47AA-A263-2BBF9558F0D0}.Release|Xbox 360.ActiveCfg = Release|x86
		{7852EE73-4B09-47AA-A263-2BBF9558F0D0}.Release|Xbox 360.Build.0 = Release|x86
		{A7337BAE-C60F-43F1-B6E0-2FBC28EFBAFD}.Debug|Any CPU.ActiveCfg = Debug|x86
		{A7337BAE-C60F-43F1-B6E0-2FBC28EFBAFD}.Debug|Mixed Platforms.ActiveCfg = Debug|x86
		{A7337BAE-C60F-43F1-B6E0-2FBC28EFBAFD}.Debug|x86.ActiveCfg = Debug|x86
		{A7337BAE-C60F-43F1-B6E0-2FBC28EFBAFD}.Debug|Xbox 360.ActiveCfg = Debug|x86
		{A7337BAE-C60F-43F1-B6E0-2FBC28EFBAFD}.Release|Any CPU.ActiveCfg = Release|x86
		{A7337BAE-C60F-43F1-B6E0-2FBC28EFBAFD}.Release|Mixed Platforms.ActiveCfg = Release|x86
		{A7337BAE-C60F-43F1-B6E0-2FBC28EFBAFD}.Release|x86.ActiveCfg = Release|x86
		{A7337BAE-C60F-43F1-B6E0-2FBC28EFBAFD}.Release|Xbox 360.ActiveCfg = Release|x86
		{DE8B3CE4-71BD-4DE2-9CD4-E9A18D2ED973}.Debug|Any CPU.ActiveCfg = Debug|Xbox 360
		{DE8B3CE4-71BD-4DE2-9CD4-E9A18D2ED973}.Debug|Mixed Platforms.ActiveCfg = Debug|Xbox 360
		{DE8B3CE4-71BD-4DE2-9CD4-E9A18D2ED973}.Debug|Mixed Platforms.Build.0 = Debug|Xbox 360
		{DE8B3CE4-71BD-4DE2-9CD4-E9A18D2ED973}.Debug|Mixed Platforms.Deploy.0 = Debug|Xbox 360
		{DE8B3CE4-71BD-4DE2-9CD4-E9A18D2ED973}.Debug|x86.ActiveCfg = Debug|Xbox 360
		{DE8B3CE4-71BD-4DE2-9CD4-E9A18D2ED973}.Debug|Xbox 360.ActiveCfg = Debug|Xbox 360
		{DE8B3CE4-71BD-4DE2-9CD4-E9A18D2ED973}.Debug|Xbox 360.Build.0 = Debug|Xbox 360
		{DE8B3CE4-71BD-4DE2-9CD4-E9A18D2ED973}.Debug|Xbox 360.Deploy.0 = Debug|Xbox 360
		{DE8B3CE4-71BD-4DE2-9CD4-E9A18D2ED973}.Release|Any CPU.ActiveCfg = Release|Xbox 360
		{DE8B3CE4-71BD-4DE2-9CD4-E9A18D2ED973}.Release|Mixed Platforms.ActiveCfg = Release|Xbox 360
		{DE8B3CE4-71BD-4DE2-9CD4-E9A18D2ED973}.Release|Mixed Platforms.Build.0 = Release|Xbox 360
		{DE8B3CE4-71BD-4DE2-9CD4-E9A18D2ED973}.Release|Mixed Platforms.Deploy.0 = Release|Xbox 360
		{DE8B3CE4-71BD-4DE2-9CD4-E9A18D2ED973}.Release|x86.ActiveCfg = Release|Xbox 360
		{DE8B3CE4-71BD-4DE2-9CD4-E9A18D2ED973}.Release|Xbox 360.ActiveCfg = Release|Xbox 360
		{DE8B3CE4-71BD-4DE2-9CD4-E9A18D2ED973}.Release|Xbox 360.Build.0 = Release|Xbox 360
		{DE8B3CE4-71BD-4DE2-9CD4-E9A18D2ED973}.Release|Xbox 360.Deploy.0 = Release|Xbox 360
		{E2E0EF92-79EA-4C50-9D58-5EAEA8362968}.Debug|Any CPU.ActiveCfg = Debug|x86
		{E2E0EF92-79EA-4C50-9D58-5EAEA8362968}.Debug|Mixed Platforms.ActiveCfg = Debug|x86
		{E2E0EF92-79EA-4C50-9D58-5EAEA8362968}.Debug|Mixed Platforms.Build.0 = Debug|x86
		{E2E0EF92-79EA-4C50-9D58-5EAEA8362968}.Debug|x86.ActiveCfg = Debug|x86
		{E2E0EF92-79EA-4C50-9D58-5EAEA8362968}.Debug|x86.Build.0 = Debug|x86
		{E2E0EF92-79EA-4C50-9D58-5EAEA8362968}.Debug|Xbox 360.ActiveCfg = Debug|x86
		{E2E0EF92-79EA-4C50-9D58-5EAEA8362968}.Release|Any CPU.ActiveCfg = Release|x86
		{E2E0EF92-79EA-4C50-9D58-5EAEA8362968}.Release|Mixed Platforms.ActiveCfg = Release|x86
		{E2E0EF92-79EA-4C50-9D58-5EAEA8362968}.Release|Mixed Platforms.Build.0 = Release|x86
		{E2E0EF92-79EA-4C50-9D58-5EAEA8362968}.Release|x86.ActiveCfg = Release|x86
		{E2E0EF92-79EA-4C50-9D58-5EAEA8362968}.Release|x86.Build.0 = Release|x86
		{E2E0EF92-79EA-4C50-9D58-5EAEA8362968}.Release|Xbox 360.ActiveCfg = Release|x86
		{A340DB7E-AF46-4A3D-867A-83CBE56D4334}.Debug|Any CPU.ActiveCfg = Debug|x86
		{A340DB7E-AF46-4A3D-867A-83CBE56D4334}.Debug|Mixed Platforms.ActiveCfg = Debug|x86
		{A340DB7E-AF46-4A3D-867A-83CBE56D4334}.Debug|x86.ActiveCfg = Debug|x86
		{A340DB7E-AF46-4A3D-867A-83CBE56D4334}.Debug|Xbox 360.ActiveCfg = Debug|x86
		{A340DB7E-AF46-4A3D-867A-83CBE56D4334}.Release|Any CPU.ActiveCfg = Release|x86
		{A340DB7E-AF46-4A3D-867A-83CBE56D4334}.Release|Mixed Platforms.ActiveCfg = Release|x86
		{A340DB7E-AF46-4A3D-867A-83CBE56D4334}.Release|x86.ActiveCfg = Release|x86
		{A340DB7E-AF46-4A3D-867A-83CBE56D4334}.Release|Xbox 360.ActiveCfg = Release|x86
		{B594C221-4342-4DBC-A018-00BBA2395C6A}.Debug|Any CPU.ActiveCfg = Debug|Xbox 360
		{B594C221-4342-4DBC-A018-00BBA2395C6A}.Debug|Mixed Platforms.ActiveCfg = Debug|Xbox 360
		{B594C221-4342-4DBC-A018-00BBA2395C6A}.Debug|Mixed Platforms.Build.0 = Debug|Xbox 360
		{B594C221-4342-4DBC-A018-00BBA2395C6A}.Debug|Mixed Platforms.Deploy.0 = Debug|Xbox 360
		{B594C221-4342-4DBC-A018-00BBA2395C6A}.Debug|x86.ActiveCfg = Debug|Xbox 360
		{B594C221-4342-4DBC-A018-00BBA2395C6A}.Debug|Xbox 360.ActiveCfg = Debug|Xbox 360
		{B594C221-4342-4DBC-A018-00BBA2395C6A}.Debug|Xbox 360.Build.0 = Debug|Xbox 360
		{B594C221-4342-4DBC-A018-00BBA2395C6A}.Debug|Xbox 360.Deploy.0 = Debug|Xbox 360
		{B594C221-4342-4DBC-A018-00BBA2395C6A}.Release|Any CPU.ActiveCfg = Release|Xbox 360
		{B594C221-4342-4DBC-A018-00BBA2395C6A}.Release|Mixed Platforms.ActiveCfg = Release|Xbox 360
		{B594C221-4342-4DBC-A018-00BBA2395C6A}.Release|Mixed Platforms.Build.0 = Release|Xbox 360
		{B594C221-4342-4DBC-A018-00BBA2395C6A}.Release|Mixed Platforms.Deploy.0 = Release|Xbox 360
		{B594C221-4342-4DBC-A018-00BBA2395C6A}.Release|x86.ActiveCfg = Release|Xbox 360
		{B594C221-4342-4DBC-A018-00BBA2395C6A}.Release|Xbox 360.ActiveCfg = Release|Xbox 360
		{B594C221-4342-4DBC-A018-00BBA2395C6A}.Release|Xbox 360.Build.0 = Release|Xbox 360
		{B594C221-4342-4DBC-A018-00BBA2395C6A}.Release|Xbox 360.Deploy.0 = Release|Xbox 360
		{F3FAF366-0AD1-481C-B303-5FA6E4ABB2B8}.Debug|Any CPU.ActiveCfg = Debug|x86
		{F3FAF366-0AD1-481C-B303-5FA6E4ABB2B8}.Debug|Mixed Platforms.ActiveCfg = Debug|x86
		{F3FAF366-0AD1-481C-B303-5FA6E4ABB2B8}.Debug|Mixed Platforms.Build.0 = Debug|x86
		{F3FAF366-0AD1-481C-B303-5FA6E4ABB2B8}.Debug|x86.ActiveCfg = Debug|x86
		{F3FAF366-0AD1-481C-B303-5FA6E4ABB2B8}.Debug|x86.Build.0 = Debug|x86
		{F3FAF366-0AD1-481C-B303-5FA6E4ABB2B8}.Debug|Xbox 360.ActiveCfg = Debug|x86
		{F3FAF366-0AD1-481C-B303-5FA6E4ABB2B8}.Release|Any CPU.ActiveCfg = Release|x86
		{F3FAF366-0AD1-481C-B303-5FA6E4ABB2B8}.Release|Mixed Platforms.ActiveCfg = Release|x86
		{F3FAF366-0AD1-481C-B303-5FA6E4ABB2B8}.Release|Mixed Platforms.Build.0 = Release|x86
		{F3FAF366-0AD1-481C-B303-5FA6E4ABB2B8}.Release|x86.ActiveCfg = Release|x86
		{F3FAF366-0AD1-481C-B303-5FA6E4ABB2B8}.Release|x86.Build.0 = Release|x86
		{F3FAF366-0AD1-481C-B303-5FA6E4ABB2B8}.Release|Xbox 360.ActiveCfg = Release|x86
		{5BD9741E-1701-42A7-8171-8AC2F82BF6D0}.Debug|Any CPU.ActiveCfg = Debug|x86
		{5BD9741E-1701-42A7-8171-8AC2F82BF6D0}.Debug|Mixed Platforms.ActiveCfg = Debug|x86
		{5BD9741E-1701-42A7-8171-8AC2F82BF6D0}.Debug|x86.ActiveCfg = Debug|x86
		{5BD9741E-1701-42A7-8171-8AC2F82BF6D0}.Debug|Xbox 360.ActiveCfg = Debug|x86
		{5BD9741E-1701-42A7-8171-8AC2F82BF6D0}.Release|Any CPU.ActiveCfg = Release|x86
		{5BD9741E-1701-42A7-8171-8AC2F82BF6D0}.Release|Mixed Platforms.ActiveCfg = Release|x86
		{5BD9741E-1701-42A7-8171-8AC2F82BF6D0}.Release|x86.ActiveCfg = Release|x86
		{5BD9741E-1701-42A7-8171-8AC2F82BF6D0}.Release|Xbox 360.ActiveCfg = Release|x86
		{0347EC2B-952C-4EE1-ABF5-55C8445C0DFF}.Debug|Any CPU.ActiveCfg = Debug|Xbox 360
		{0347EC2B-952C-4EE1-ABF5-55C8445C0DFF}.Debug|Mixed Platforms.ActiveCfg = Debug|Xbox 360
		{0347EC2B-952C-4EE1-ABF5-55C8445C0DFF}.Debug|Mixed Platforms.Build.0 = Debug|Xbox 360
		{0347EC2B-952C-4EE1-ABF5-55C8445C0DFF}.Debug|Mixed Platforms.Deploy.0 = Debug|Xbox 360
		{0347EC2B-952C-4EE1-ABF5-55C8445C0DFF}.Debug|x86.ActiveCfg = Debug|Xbox 360
		{0347EC2B-952C-4EE1-ABF5-55C8445C0DFF}.Debug|Xbox 360.ActiveCfg = Debug|Xbox 360
		{0347EC2B-952C-4EE1-ABF5-55C8445C0DFF}.Debug|Xbox 360.Build.0 = Debug|Xbox 360
		{0347EC2B-952C-4EE1-ABF5-55C8445C0DFF}.Debug|Xbox 360.Deploy.0 = Debug|Xbox 360
		{0347EC2B-952C-4EE1-ABF5-55C8445C0DFF}.Release|Any CPU.ActiveCfg = Release|Xbox 360
		{0347EC2B-952C-4EE1-ABF5-55C8445C0DFF}.Release|Mixed Platforms.ActiveCfg = Release|Xbox 360
		{0347EC2B-952C-4EE1-ABF5-55C8445C0DFF}.Release|Mixed Platforms.Build.0 = Release|Xbox 360
		{0347EC2B-952C-4EE1-ABF5-55C8445C0DFF}.Release|Mixed Platforms.Deploy.0 = Release|Xbox 360
		{0347EC2B-952C-4EE1-ABF5-55C8445C0DFF}.Release|x86.ActiveCfg = Release|Xbox 360
		{0347EC2B-952C-4EE1-ABF5-55C8445C0DFF}.Release|Xbox 360.ActiveCfg = Release|Xbox 360
		{0347EC2B-952C-4EE1-ABF5-55C8445C0DFF}.Release|Xbox 360.Build.0 = Release|Xbox 360
		{0347EC2B-952C-4EE1-ABF5-55C8445C0DFF}.Release|Xbox 360.Deploy.0 = Release|Xbox 360
		{D9F8B351-963A-4F1D-BF85-7D623BBE2AD4}.Debug|Any CPU.ActiveCfg = Debug|x86
		{D9F8B351-963A-4F1D-BF85-7D623BBE2AD4}.Debug|Mixed Platforms.ActiveCfg = Debug|x86
		{D9F8B351-963A-4F1D-BF85-7D623BBE2AD4}.Debug|Mixed Platforms.Build.0 = Debug|x86
		{D9F8B351-963A-4F1D-BF85-7D623BBE2AD4}.Debug|x86.ActiveCfg = Debug|x86
		{D9F8B351-963A-4F1D-BF85-7D623BBE2AD4}.Debug|x86.Build.0 = Debug|x86
		{D9F8B351-963A-4F1D-BF85-7D623BBE2AD4}.Debug|Xbox 360.ActiveCfg = Debug|x86
		{D9F8B351-963A-4F1D-BF85-7D623BBE2AD4}.Debug|Xbox 360.Build.0 = Debug|x86
		{D9F8B351-963A-4F1D-BF85-7D623BBE2AD4}.Release|Any CPU.ActiveCfg = Release|x86
		{D9F8B351-963A-4F1D-BF85-7D623BBE2AD4}.Release|Mixed Platforms.ActiveCfg = Release|x86
		{D9F8B351-963A-4F1D-BF85-7D623BBE2AD4}.Release|Mixed Platforms.Build.0 = Release|x86
		{D9F8B351-963A-4F1D-BF85-7D623BBE2AD4}.Release|x86.ActiveCfg = Release|x86
		{D9F8B351-963A-4F1D-BF85-7D623BBE2AD4}.Release|x86.Build.0 = Release|x86
		{D9F8B351-963A-4F1D-BF85-7D623BBE2AD4}.Release|Xbox 360.ActiveCfg = Release|x86
		{D9F8B351-963A-4F1D-BF85-7D623BBE2AD4}.Release|Xbox 360.Build.0 = Release|x86
		{FF6FFAE3-CD3D-47CB-84EE-DA41CF68EF4B}.Debug|Any CPU.ActiveCfg = Debug|x86
		{FF6FFAE3-CD3D-47CB-84EE-DA41CF68EF4B}.Debug|Mixed Platforms.ActiveCfg = Debug|x86
		{FF6FFAE3-CD3D-47CB-84EE-DA41CF68EF4B}.Debug|x86.ActiveCfg = Debug|x86
		{FF6FFAE3-CD3D-47CB-84EE-DA41CF68EF4B}.Debug|Xbox 360.ActiveCfg = Debug|x86
		{FF6FFAE3-CD3D-47CB-84EE-DA41CF68EF4B}.Release|Any CPU.ActiveCfg = Release|x86
		{FF6FFAE3-CD3D-47CB-84EE-DA41CF68EF4B}.Release|Mixed Platforms.ActiveCfg = Release|x86
		{FF6FFAE3-CD3D-47CB-84EE-DA41CF68EF4B}.Release|x86.ActiveCfg = Release|x86
		{FF6FFAE3-CD3D-47CB-84EE-DA41CF68EF4B}.Release|Xbox 360.ActiveCfg = Release|x86
		{1E34E86C-8989-4FF4-80E5-676193F3B037}.Debug|Any CPU.ActiveCfg = Debug|Xbox 360
		{1E34E86C-8989-4FF4-80E5-676193F3B037}.Debug|Mixed Platforms.ActiveCfg = Debug|Xbox 360
		{1E34E86C-8989-4FF4-80E5-676193F3B037}.Debug|Mixed Platforms.Build.0 = Debug|Xbox 360
		{1E34E86C-8989-4FF4-80E5-676193F3B037}.Debug|Mixed Platforms.Deploy.0 = Debug|Xbox 360
		{1E34E86C-8989-4FF4-80E5-676193F3B037}.Debug|x86.ActiveCfg = Debug|Xbox 360
		{1E34E86C-8989-4FF4-80E5-676193F3B037}.Debug|Xbox 360.ActiveCfg = Debug|Xbox 360
		{1E34E86C-8989-4FF4-80E5-676193F3B037}.Debug|Xbox 360.Build.0 = Debug|Xbox 360
		{1E34E86C-8989-4FF4-80E5-676193F3B037}.Debug|Xbox 360.Deploy.0 = Debug|Xbox 360
		{1E34E86C-8989-4FF4-80E5-676193F3B037}.Release|Any CPU.ActiveCfg = Release|Xbox 360
		{1E34E86C-8989-4FF4-80E5-676193F3B037}.Release|Mixed Platforms.ActiveCfg = Release|Xbox 360
		{1E34E86C-8989-4FF4-80E5-676193F3B037}.Release|Mixed Platforms.Build.0 = Release|Xbox 360
		{1E34E86C-8989-4FF4-80E5-676193F3B037}.Release|Mixed Platforms.Deploy.0 = Release|Xbox 360
		{1E34E86C-8989-4FF4-80E5-676193F3B037}.Release|x86.ActiveCfg = Release|Xbox 360
		{1E34E86C-8989-4FF4-80E5-676193F3B037}.Release|Xbox 360.ActiveCfg = Release|Xbox 360
		{1E34E86C-8989-4FF4-80E5-676193F3B037}.Release|Xbox 360.Build.0 = Release|Xbox 360
		{1E34E86C-8989-4FF4-80E5-676193F3B037}.Release|Xbox 360.Deploy.0 = Release|Xbox 360
	EndGlobalSection
	GlobalSection(SolutionProperties) = preSolution
		HideSolutionNode = FALSE
	EndGlobalSection
	GlobalSection(NestedProjects) = preSolution
		{7C32ED16-A7CB-422D-8D8D-6B76FE26A558} = {B4D1E610-F3D8-4E03-97FC-A9260C74A26E}
		{3B5C0FCA-A363-4FBB-A6C7-69AA30441CBC} = {B4D1E610-F3D8-4E03-97FC-A9260C74A26E}
		{E9C25AA4-F7BE-457C-B1C7-8CDDC1A7FA46} = {B4D1E610-F3D8-4E03-97FC-A9260C74A26E}
		{18ABDFF9-253E-4A08-B05E-909988D0440B} = {B4D1E610-F3D8-4E03-97FC-A9260C74A26E}
		{1172BFB0-471F-4B91-A4FB-9C2E890A9B25} = {7C32ED16-A7CB-422D-8D8D-6B76FE26A558}
		{4DF6BDE1-4A1B-448C-BE6A-2FDEA967CAAE} = {7C32ED16-A7CB-422D-8D8D-6B76FE26A558}
		{EF8453BB-2E0A-4ADF-949A-EFE8D6099CAF} = {7C32ED16-A7CB-422D-8D8D-6B76FE26A558}
		{57490789-8D26-4A7E-9389-98902E4AECB2} = {A04B2F61-5F34-4B6A-B839-68ACAE172079}
		{86705DBB-154A-43DF-A427-2B764F9537BB} = {A04B2F61-5F34-4B6A-B839-68ACAE172079}
		{46175482-6368-40F3-82D6-EEE05C59C09C} = {A04B2F61-5F34-4B6A-B839-68ACAE172079}
		{AB31BB74-E2A5-4D7A-ABF5-196857FE465D} = {A04B2F61-5F34-4B6A-B839-68ACAE172079}
		{5D7AF875-E345-4DE2-B8F4-1513E69178C4} = {3B5C0FCA-A363-4FBB-A6C7-69AA30441CBC}
		{BD5FAC67-32DC-4E9F-B387-6458853468F1} = {3B5C0FCA-A363-4FBB-A6C7-69AA30441CBC}
		{F1D8479C-589B-437A-953D-3DAFDDE821B1} = {3B5C0FCA-A363-4FBB-A6C7-69AA30441CBC}
		{B8A8C487-E576-46E1-BEE9-E47BB81638A0} = {3B5C0FCA-A363-4FBB-A6C7-69AA30441CBC}
		{AC446864-F6D2-4DD6-B7DA-EE27B61E2AC3} = {E9C25AA4-F7BE-457C-B1C7-8CDDC1A7FA46}
		{FB353B88-674F-49B3-85B5-818E4093D5CC} = {E9C25AA4-F7BE-457C-B1C7-8CDDC1A7FA46}
		{5D38D33D-3DCE-4B92-905A-2FEC07BC0522} = {E9C25AA4-F7BE-457C-B1C7-8CDDC1A7FA46}
		{5BCE057B-A6ED-4111-AB6E-70506A9681BB} = {18ABDFF9-253E-4A08-B05E-909988D0440B}
		{074C82F6-6F53-4006-A230-CEFBA360FEC4} = {18ABDFF9-253E-4A08-B05E-909988D0440B}
		{C9EEA94E-213C-42E7-A679-AC4A0BAEAD8E} = {18ABDFF9-253E-4A08-B05E-909988D0440B}
		{D5A48F3D-2C3A-4844-AA15-43BB5B64B0A8} = {18ABDFF9-253E-4A08-B05E-909988D0440B}
		{21ABD8C0-DA4A-4515-8154-7A7EA7AA2ED0} = {18ABDFF9-253E-4A08-B05E-909988D0440B}
		{00B4258D-3206-4526-BC16-2CEB5F85AEED} = {1E1206D0-68BE-4701-8B49-287A23103598}
		{948DB92D-A8E4-4488-B840-007AC0E83C07} = {1E1206D0-68BE-4701-8B49-287A23103598}
		{9E34B6C4-7BAE-4E55-B279-F395192CD57F} = {1E1206D0-68BE-4701-8B49-287A23103598}
		{D5CCAB18-EEA9-4A89-9719-9612844DCAEF} = {1E1206D0-68BE-4701-8B49-287A23103598}
		{78CDE200-08CA-4ED7-93FD-B53E980F13AB} = {1E1206D0-68BE-4701-8B49-287A23103598}
		{87361DE4-0775-4F1D-89A2-8871D5CD8392} = {00B4258D-3206-4526-BC16-2CEB5F85AEED}
		{E22D8076-A749-43E5-8253-088A87394EFD} = {00B4258D-3206-4526-BC16-2CEB5F85AEED}
		{F7BA4BE4-B667-414B-988D-4CD32F47111C} = {00B4258D-3206-4526-BC16-2CEB5F85AEED}
		{A7337BAE-C60F-43F1-B6E0-2FBC28EFBAFD} = {948DB92D-A8E4-4488-B840-007AC0E83C07}
		{7852EE73-4B09-47AA-A263-2BBF9558F0D0} = {948DB92D-A8E4-4488-B840-007AC0E83C07}
		{DE8B3CE4-71BD-4DE2-9CD4-E9A18D2ED973} = {948DB92D-A8E4-4488-B840-007AC0E83C07}
		{A340DB7E-AF46-4A3D-867A-83CBE56D4334} = {9E34B6C4-7BAE-4E55-B279-F395192CD57F}
		{E2E0EF92-79EA-4C50-9D58-5EAEA8362968} = {9E34B6C4-7BAE-4E55-B279-F395192CD57F}
		{B594C221-4342-4DBC-A018-00BBA2395C6A} = {9E34B6C4-7BAE-4E55-B279-F395192CD57F}
		{F3FAF366-0AD1-481C-B303-5FA6E4ABB2B8} = {D5CCAB18-EEA9-4A89-9719-9612844DCAEF}
		{5BD9741E-1701-42A7-8171-8AC2F82BF6D0} = {D5CCAB18-EEA9-4A89-9719-9612844DCAEF}
		{0347EC2B-952C-4EE1-ABF5-55C8445C0DFF} = {D5CCAB18-EEA9-4A89-9719-9612844DCAEF}
		{D9F8B351-963A-4F1D-BF85-7D623BBE2AD4} = {78CDE200-08CA-4ED7-93FD-B53E980F13AB}
		{FF6FFAE3-CD3D-47CB-84EE-DA41CF68EF4B} = {78CDE200-08CA-4ED7-93FD-B53E980F13AB}
		{1E34E86C-8989-4FF4-80E5-676193F3B037} = {78CDE200-08CA-4ED7-93FD-B53E980F13AB}
	EndGlobalSection
EndGlobal
